
Microsoft Visual Studio Solution File, Format Version 12.00
# Visual Studio 15
VisualStudioVersion = 15.0.27130.2003
MinimumVisualStudioVersion = 10.0.40219.1
Project("{FAE04EC0-301F-11D3-BF4B-00C04F79EFBC}") = "Lab8 I. 1", "Lab8 I. 1\Lab8 I. 1.csproj", "{B5FAFF4E-F5F0-4E7D-BC85-1F61189B755C}"
EndProject
Global
	GlobalSection(SolutionConfigurationPlatforms) = preSolution
		Debug|Any CPU = Debug|Any CPU
		Release|Any CPU = Release|Any CPU
	EndGlobalSection
	GlobalSection(ProjectConfigurationPlatforms) = postSolution
		{B5FAFF4E-F5F0-4E7D-BC85-1F61189B755C}.Debug|Any CPU.ActiveCfg = Debug|Any CPU
		{B5FAFF4E-F5F0-4E7D-BC85-1F61189B755C}.Debug|Any CPU.Build.0 = Debug|Any CPU
		{B5FAFF4E-F5F0-4E7D-BC85-1F61189B755C}.Release|Any CPU.ActiveCfg = Release|Any CPU
		{B5FAFF4E-F5F0-4E7D-BC85-1F61189B755C}.Release|Any CPU.Build.0 = Release|Any CPU
	EndGlobalSection
	GlobalSection(SolutionProperties) = preSolution
		HideSolutionNode = FALSE
	EndGlobalSection
	GlobalSection(ExtensibilityGlobals) = postSolution
		SolutionGuid = {72A56FB8-3C32-4737-9483-F17E8D9DF86F}
	EndGlobalSection
EndGlobal
